<?xml version="1.0" encoding="utf-8"?>
<Project ToolsVersion="4.0" xmlns="http://schemas.microsoft.com/developer/msbuild/2003">
  <ItemGroup>
    <ClCompile Include="..\..\src\ynsystem\CmdLine.cpp">
      <Filter>Source</Filter>
    </ClCompile>
    <ClCompile Include="..\..\src\ynsystem\Timer.cpp">
      <Filter>Source</Filter>
    </ClCompile>
    <ClCompile Include="..\..\src\ynsystem\System.cpp">
      <Filter>Source</Filter>
    </ClCompile>
  </ItemGroup>
  <ItemGroup>
    <Filter Include="Source">
      <UniqueIdentifier>{0f3b8651-a582-4a10-a8b8-5397a43e471d}</UniqueIdentifier>
    </Filter>
    <Filter Include="Include">
      <UniqueIdentifier>{5673aef5-ce97-4172-b527-11eaaa4bcffc}</UniqueIdentifier>
    </Filter>
  </ItemGroup>
  <ItemGroup>
    <ClInclude Include="..\..\include\ynsystem.h">
      <Filter>Include</Filter>
    </ClInclude>
    <ClInclude Include="..\..\include\ynsystem\CmdLine.h">
      <Filter>Include</Filter>
    </ClInclude>
    <ClInclude Include="..\..\include\ynsystem\System.h">
      <Filter>Include</Filter>
    </ClInclude>
    <ClInclude Include="..\..\include\ynsystem\Timer.h">
      <Filter>Include</Filter>
    </ClInclude>
  </ItemGroup>
</Project>